<Solution>
  <Project Path="AgendamentoVacinacao.Api/AgendamentoVacinacao.WebApi.csproj" />
  <Project Path="AgendamentoVacinacao.Business/AgendamentoVacinacao.Business.csproj" />
  <Project Path="AgendamentoVacinacao.Entity/AgendamentoVacinacao.Entity.csproj" />
  <Project Path="AgendamentoVacinacao.Repository/AgendamentoVacinacao.Repository.csproj" />
  <Project Path="Validators/Validators.csproj" />
</Solution>
